
Microsoft Visual Studio Solution File, Format Version 12.00
# Visual Studio Version 16
VisualStudioVersion = 16.0.30804.86
MinimumVisualStudioVersion = 10.0.40219.1
Project("{FAE04EC0-301F-11D3-BF4B-00C04F79EFBC}") = "TheWayShop_2.0", "TheWayShop_2.0.csproj", "{73A35A96-1474-4EAE-B9CC-C6230EEBE4F3}"
EndProject
Global
	GlobalSection(SolutionConfigurationPlatforms) = preSolution
		Debug|Any CPU = Debug|Any CPU
		Release|Any CPU = Release|Any CPU
	EndGlobalSection
	GlobalSection(ProjectConfigurationPlatforms) = postSolution
		{73A35A96-1474-4EAE-B9CC-C6230EEBE4F3}.Debug|Any CPU.ActiveCfg = Debug|Any CPU
		{73A35A96-1474-4EAE-B9CC-C6230EEBE4F3}.Debug|Any CPU.Build.0 = Debug|Any CPU
		{73A35A96-1474-4EAE-B9CC-C6230EEBE4F3}.Release|Any CPU.ActiveCfg = Release|Any CPU
		{73A35A96-1474-4EAE-B9CC-C6230EEBE4F3}.Release|Any CPU.Build.0 = Release|Any CPU
	EndGlobalSection
	GlobalSection(SolutionProperties) = preSolution
		HideSolutionNode = FALSE
	EndGlobalSection
	GlobalSection(ExtensibilityGlobals) = postSolution
		SolutionGuid = {8ABC0D37-CF1F-49A4-94E9-7021CA21B5B6}
	EndGlobalSection
EndGlobal
